
Microsoft Visual Studio Solution File, Format Version 12.00
# Visual Studio Version 17
VisualStudioVersion = 17.2.32630.192
MinimumVisualStudioVersion = 10.0.40219.1
Project("{9A19103F-16F7-4668-BE54-9A1E7A4F7556}") = "Directions_of_training.DAL", "Directions_of_training.DAL\Directions_of_training.DAL.csproj", "{75B8A0B8-865B-4836-8A5B-BB286C286591}"
EndProject
Project("{9A19103F-16F7-4668-BE54-9A1E7A4F7556}") = "DiractionApp", "DiractionApp\DiractionApp.csproj", "{731AE783-3B20-49C2-A223-5AA02939121E}"
EndProject
Project("{9A19103F-16F7-4668-BE54-9A1E7A4F7556}") = "Directions_of_training.BLL", "Directions_of_training.BLL\Directions_of_training.BLL.csproj", "{5A5B03AC-1C96-48C8-9055-1C2255B61848}"
EndProject
Global
	GlobalSection(SolutionConfigurationPlatforms) = preSolution
		Debug|Any CPU = Debug|Any CPU
		Release|Any CPU = Release|Any CPU
	EndGlobalSection
	GlobalSection(ProjectConfigurationPlatforms) = postSolution
		{75B8A0B8-865B-4836-8A5B-BB286C286591}.Debug|Any CPU.ActiveCfg = Debug|Any CPU
		{75B8A0B8-865B-4836-8A5B-BB286C286591}.Debug|Any CPU.Build.0 = Debug|Any CPU
		{75B8A0B8-865B-4836-8A5B-BB286C286591}.Release|Any CPU.ActiveCfg = Release|Any CPU
		{75B8A0B8-865B-4836-8A5B-BB286C286591}.Release|Any CPU.Build.0 = Release|Any CPU
		{731AE783-3B20-49C2-A223-5AA02939121E}.Debug|Any CPU.ActiveCfg = Debug|Any CPU
		{731AE783-3B20-49C2-A223-5AA02939121E}.Debug|Any CPU.Build.0 = Debug|Any CPU
		{731AE783-3B20-49C2-A223-5AA02939121E}.Release|Any CPU.ActiveCfg = Release|Any CPU
		{731AE783-3B20-49C2-A223-5AA02939121E}.Release|Any CPU.Build.0 = Release|Any CPU
		{5A5B03AC-1C96-48C8-9055-1C2255B61848}.Debug|Any CPU.ActiveCfg = Debug|Any CPU
		{5A5B03AC-1C96-48C8-9055-1C2255B61848}.Debug|Any CPU.Build.0 = Debug|Any CPU
		{5A5B03AC-1C96-48C8-9055-1C2255B61848}.Release|Any CPU.ActiveCfg = Release|Any CPU
		{5A5B03AC-1C96-48C8-9055-1C2255B61848}.Release|Any CPU.Build.0 = Release|Any CPU
	EndGlobalSection
	GlobalSection(SolutionProperties) = preSolution
		HideSolutionNode = FALSE
	EndGlobalSection
	GlobalSection(ExtensibilityGlobals) = postSolution
		SolutionGuid = {C571DC20-892C-4744-9403-F50521EED1FF}
	EndGlobalSection
EndGlobal
